
Microsoft Visual Studio Solution File, Format Version 12.00
# Visual Studio Version 17
VisualStudioVersion = 17.14.36811.4 d17.14
MinimumVisualStudioVersion = 10.0.40219.1
Project("{FAE04EC0-301F-11D3-BF4B-00C04F79EFBC}") = "lesson on python", "lesson on python\lesson on python.csproj", "{129356B2-BD5C-482F-80AF-25284DA66FEE}"
EndProject
Global
	GlobalSection(SolutionConfigurationPlatforms) = preSolution
		Debug|Any CPU = Debug|Any CPU
		Release|Any CPU = Release|Any CPU
	EndGlobalSection
	GlobalSection(ProjectConfigurationPlatforms) = postSolution
		{129356B2-BD5C-482F-80AF-25284DA66FEE}.Debug|Any CPU.ActiveCfg = Debug|Any CPU
		{129356B2-BD5C-482F-80AF-25284DA66FEE}.Debug|Any CPU.Build.0 = Debug|Any CPU
		{129356B2-BD5C-482F-80AF-25284DA66FEE}.Release|Any CPU.ActiveCfg = Release|Any CPU
		{129356B2-BD5C-482F-80AF-25284DA66FEE}.Release|Any CPU.Build.0 = Release|Any CPU
	EndGlobalSection
	GlobalSection(SolutionProperties) = preSolution
		HideSolutionNode = FALSE
	EndGlobalSection
	GlobalSection(ExtensibilityGlobals) = postSolution
		SolutionGuid = {4E7A8C57-D809-405D-8029-653944D2B3DB}
	EndGlobalSection
EndGlobal
